
Microsoft Visual Studio Solution File, Format Version 12.00
# Visual Studio Version 17
VisualStudioVersion = 17.4.33122.133
MinimumVisualStudioVersion = 10.0.40219.1
Project("{FAE04EC0-301F-11D3-BF4B-00C04F79EFBC}") = "CutePuppy", "CutePuppy\CutePuppy.csproj", "{850FBC20-0CB7-455E-9F6A-AEC2238C0C73}"
EndProject
Global
	GlobalSection(SolutionConfigurationPlatforms) = preSolution
		Debug|Any CPU = Debug|Any CPU
		Release|Any CPU = Release|Any CPU
	EndGlobalSection
	GlobalSection(ProjectConfigurationPlatforms) = postSolution
		{850FBC20-0CB7-455E-9F6A-AEC2238C0C73}.Debug|Any CPU.ActiveCfg = Debug|Any CPU
		{850FBC20-0CB7-455E-9F6A-AEC2238C0C73}.Debug|Any CPU.Build.0 = Debug|Any CPU
		{850FBC20-0CB7-455E-9F6A-AEC2238C0C73}.Release|Any CPU.ActiveCfg = Release|Any CPU
		{850FBC20-0CB7-455E-9F6A-AEC2238C0C73}.Release|Any CPU.Build.0 = Release|Any CPU
	EndGlobalSection
	GlobalSection(SolutionProperties) = preSolution
		HideSolutionNode = FALSE
	EndGlobalSection
	GlobalSection(ExtensibilityGlobals) = postSolution
		SolutionGuid = {1BC7EB56-36B1-49C5-96EF-14C877E9A8B6}
	EndGlobalSection
EndGlobal
